# THIS IS AN AUTOGENERATED FILE. DO NOT EDIT THIS FILE DIRECTLY.
# yarn lockfile v1


async@^2:
  version "2.6.3"
  resolved "https://registry.yarnpkg.com/async/-/async-2.6.3.tgz#d72625e2344a3656e3a3ad4fa749fa83299d82ff"
  integrity sha512-zflvls11DCy+dQWzTW2dzuilv8Z5X/pjfmZOWba6TNIVDm+2UDaJmXSOXlasHKfNBs8oo3M0aT50fDEWfKZjXg==
  dependencies:
    lodash "^4.17.14"

lodash@^4.17.14:
  version "4.17.14"
  resolved "https://registry.yarnpkg.com/lodash/-/lodash-4.17.14.tgz#9ce487ae66c96254fe20b599f21b6816028078ba"
  integrity sha512-mmKYbW3GLuJeX+iGP+Y7Gp1AiGHGbXHCOh/jZmrawMmsE7MS4znI3RL2FsjbqOyMayHInjOeykW7PEajUk1/xw==

validator@^10.10.0:
  version "10.10.0"
  resolved "https://registry.yarnpkg.com/validator/-/validator-10.10.0.tgz#a69ac298149f063a44361cb52182edb52dab59a4"
  integrity sha512-DyZyLJlMXM3CGdVaVHE/EDzCagMRoPI3mmGdxxNQbqkGqh56+M3d1i0ZAWd69En8U21DHbPTn12aOdhO+hfm5w==
